// !$*UTF8*$!
{
	archiveVersion = 1;
	classes = {
	};
	objectVersion = 77;
	objects = {

/* Begin PBXContainerItemProxy section */
		EF1BD2832E37EE4500D7C976 /* PBXContainerItemProxy */ = {
			isa = PBXContainerItemProxy;
			containerPortal = EF1BD26C2E37EE4400D7C976 /* Project object */;
			proxyType = 1;
			remoteGlobalIDString = EF1BD2732E37EE4400D7C976;
			remoteInfo = "Art-Inspector";
		};
		EF1BD28D2E37EE4500D7C976 /* PBXContainerItemProxy */ = {
			isa = PBXContainerItemProxy;
			containerPortal = EF1BD26C2E37EE4400D7C976 /* Project object */;
			proxyType = 1;
			remoteGlobalIDString = EF1BD2732E37EE4400D7C976;
			remoteInfo = "Art-Inspector";
		};
/* End PBXContainerItemProxy section */

/* Begin PBXFileReference section */
		EFA3D47D2E3AE3C000DA26F7 /* Art-Inspector.xctestplan */ = {isa = PBXFileReference; lastKnownFileType = text; path = "Art-Inspector.xctestplan"; sourceTree = "<group>"; };
		EFA3D4CE2E3D14DB00DA26F7 /* Art-InspectorTests.xctest */ = {isa = PBXFileReference; explicitFileType = wrapper.cfbundle; includeInIndex = 0; name = "Art-InspectorTests.xctest"; path = "/Users/swapnadirisala/Documents/training/Swift/Art-Inspector/build/Debug/Art-Inspector.app/Contents/PlugIns/Art-InspectorTests.xctest"; sourceTree = "<absolute>"; };
		EFA3D4CF2E3D14DB00DA26F7 /* Art-Inspector.app */ = {isa = PBXFileReference; explicitFileType = wrapper.application; includeInIndex = 0; name = "Art-Inspector.app"; path = "/Users/swapnadirisala/Documents/training/Swift/Art-Inspector/build/Debug/Art-Inspector.app"; sourceTree = "<absolute>"; };
		EFA3D4D02E3D14DB00DA26F7 /* Art-InspectorUITests.xctest */ = {isa = PBXFileReference; explicitFileType = wrapper.cfbundle; includeInIndex = 0; name = "Art-InspectorUITests.xctest"; path = "/Users/swapnadirisala/Documents/training/Swift/Art-Inspector/build/Debug/Art-InspectorUITests-Runner.app/Contents/PlugIns/Art-InspectorUITests.xctest"; sourceTree = "<absolute>"; };
/* End PBXFileReference section */

/* Begin PBXFileSystemSynchronizedBuildFileExceptionSet section */
		EFA3D4982E3B04E900DA26F7 /* Exceptions for "Art-InspectorTests" folder in "Art-InspectorTests" target */ = {
			isa = PBXFileSystemSynchronizedBuildFileExceptionSet;
			membershipExceptions = (
				Resources/test.jpg,
			);
			target = EF1BD2812E37EE4500D7C976 /* Art-InspectorTests */;
		};
		EFA3D4992E3B04E900DA26F7 /* Exceptions for "Art-InspectorTests" folder in "Art-InspectorUITests" target */ = {
			isa = PBXFileSystemSynchronizedBuildFileExceptionSet;
			membershipExceptions = (
				Resources/test.jpg,
			);
			target = EF1BD28B2E37EE4500D7C976 /* Art-InspectorUITests */;
		};
/* End PBXFileSystemSynchronizedBuildFileExceptionSet section */

/* Begin PBXFileSystemSynchronizedRootGroup section */
		EF1BD2762E37EE4400D7C976 /* Art-Inspector */ = {
			isa = PBXFileSystemSynchronizedRootGroup;
			path = "Art-Inspector";
			sourceTree = "<group>";
		};
		EF1BD2852E37EE4500D7C976 /* Art-InspectorTests */ = {
			isa = PBXFileSystemSynchronizedRootGroup;
			exceptions = (
				EFA3D4982E3B04E900DA26F7 /* Exceptions for "Art-InspectorTests" folder in "Art-InspectorTests" target */,
				EFA3D4992E3B04E900DA26F7 /* Exceptions for "Art-InspectorTests" folder in "Art-InspectorUITests" target */,
			);
			path = "Art-InspectorTests";
			sourceTree = "<group>";
		};
		EF1BD28F2E37EE4500D7C976 /* Art-InspectorUITests */ = {
			isa = PBXFileSystemSynchronizedRootGroup;
			path = "Art-InspectorUITests";
			sourceTree = "<group>";
		};
/* End PBXFileSystemSynchronizedRootGroup section */

/* Begin PBXFrameworksBuildPhase section */
		EF1BD2712E37EE4400D7C976 /* Frameworks */ = {
			isa = PBXFrameworksBuildPhase;
			buildActionMask = 2147483647;
			files = (
			);
			runOnlyForDeploymentPostprocessing = 0;
		};
		EF1BD27F2E37EE4500D7C976 /* Frameworks */ = {
			isa = PBXFrameworksBuildPhase;
			buildActionMask = 2147483647;
			files = (
			);
			runOnlyForDeploymentPostprocessing = 0;
		};
		EF1BD2892E37EE4500D7C976 /* Frameworks */ = {
			isa = PBXFrameworksBuildPhase;
			buildActionMask = 2147483647;
			files = (
			);
			runOnlyForDeploymentPostprocessing = 0;
		};
/* End PBXFrameworksBuildPhase section */

/* Begin PBXGroup section */
		EF1BD26B2E37EE4400D7C976 = {
			isa = PBXGroup;
			children = (
				EFA3D47D2E3AE3C000DA26F7 /* Art-Inspector.xctestplan */,
				EF1BD2762E37EE4400D7C976 /* Art-Inspector */,
				EF1BD2852E37EE4500D7C976 /* Art-InspectorTests */,
				EF1BD28F2E37EE4500D7C976 /* Art-InspectorUITests */,
			);
			sourceTree = "<group>";
		};
/* End PBXGroup section */

/* Begin PBXNativeTarget section */
		EF1BD2732E37EE4400D7C976 /* Art-Inspector */ = {
			isa = PBXNativeTarget;
			buildConfigurationList = EF1BD2962E37EE4500D7C976 /* Build configuration list for PBXNativeTarget "Art-Inspector" */;
			buildPhases = (
				EF1BD2702E37EE4400D7C976 /* Sources */,
				EF1BD2712E37EE4400D7C976 /* Frameworks */,
				EF1BD2722E37EE4400D7C976 /* Resources */,
			);
			buildRules = (
			);
			dependencies = (
			);
			fileSystemSynchronizedGroups = (
				EF1BD2762E37EE4400D7C976 /* Art-Inspector */,
			);
			name = "Art-Inspector";
			packageProductDependencies = (
			);
			productName = "Art-Inspector";
			productReference = EFA3D4CF2E3D14DB00DA26F7 /* Art-Inspector.app */;
			productType = "com.apple.product-type.application";
		};
		EF1BD2812E37EE4500D7C976 /* Art-InspectorTests */ = {
			isa = PBXNativeTarget;
			buildConfigurationList = EF1BD2992E37EE4500D7C976 /* Build configuration list for PBXNativeTarget "Art-InspectorTests" */;
			buildPhases = (
				EF1BD27E2E37EE4500D7C976 /* Sources */,
				EF1BD27F2E37EE4500D7C976 /* Frameworks */,
				EF1BD2802E37EE4500D7C976 /* Resources */,
			);
			buildRules = (
			);
			dependencies = (
				EF1BD2842E37EE4500D7C976 /* PBXTargetDependency */,
			);
			fileSystemSynchronizedGroups = (
				EF1BD2852E37EE4500D7C976 /* Art-InspectorTests */,
			);
			name = "Art-InspectorTests";
			packageProductDependencies = (
			);
			productName = "Art-InspectorTests";
			productReference = EFA3D4CE2E3D14DB00DA26F7 /* Art-InspectorTests.xctest */;
			productType = "com.apple.product-type.bundle.unit-test";
		};
		EF1BD28B2E37EE4500D7C976 /* Art-InspectorUITests */ = {
			isa = PBXNativeTarget;
			buildConfigurationList = EF1BD29C2E37EE4500D7C976 /* Build configuration list for PBXNativeTarget "Art-InspectorUITests" */;
			buildPhases = (
				EF1BD2882E37EE4500D7C976 /* Sources */,
				EF1BD2892E37EE4500D7C976 /* Frameworks */,
				EF1BD28A2E37EE4500D7C976 /* Resources */,
			);
			buildRules = (
			);
			dependencies = (
				EF1BD28E2E37EE4500D7C976 /* PBXTargetDependency */,
			);
			fileSystemSynchronizedGroups = (
				EF1BD28F2E37EE4500D7C976 /* Art-InspectorUITests */,
			);
			name = "Art-InspectorUITests";
			packageProductDependencies = (
			);
			productName = "Art-InspectorUITests";
			productReference = EFA3D4D02E3D14DB00DA26F7 /* Art-InspectorUITests.xctest */;
			productType = "com.apple.product-type.bundle.ui-testing";
		};
/* End PBXNativeTarget section */

/* Begin PBXProject section */
		EF1BD26C2E37EE4400D7C976 /* Project object */ = {
			isa = PBXProject;
			attributes = {
				BuildIndependentTargetsInParallel = 1;
				LastSwiftUpdateCheck = 1640;
				LastUpgradeCheck = 1640;
				TargetAttributes = {
					EF1BD2732E37EE4400D7C976 = {
						CreatedOnToolsVersion = 16.4;
					};
					EF1BD2812E37EE4500D7C976 = {
						CreatedOnToolsVersion = 16.4;
						TestTargetID = EF1BD2732E37EE4400D7C976;
					};
					EF1BD28B2E37EE4500D7C976 = {
						CreatedOnToolsVersion = 16.4;
						TestTargetID = EF1BD2732E37EE4400D7C976;
					};
				};
			};
			buildConfigurationList = EF1BD26F2E37EE4400D7C976 /* Build configuration list for PBXProject "Art-Inspector" */;
			developmentRegion = en;
			hasScannedForEncodings = 0;
			knownRegions = (
				en,
				Base,
			);
			mainGroup = EF1BD26B2E37EE4400D7C976;
			minimizedProjectReferenceProxies = 1;
			preferredProjectObjectVersion = 77;
			productRefGroup = EF1BD26B2E37EE4400D7C976;
			projectDirPath = "";
			projectRoot = "";
			targets = (
				EF1BD2732E37EE4400D7C976 /* Art-Inspector */,
				EF1BD2812E37EE4500D7C976 /* Art-InspectorTests */,
				EF1BD28B2E37EE4500D7C976 /* Art-InspectorUITests */,
			);
		};
/* End PBXProject section */

/* Begin PBXResourcesBuildPhase section */
		EF1BD2722E37EE4400D7C976 /* Resources */ = {
			isa = PBXResourcesBuildPhase;
			buildActionMask = 2147483647;
			files = (
			);
			runOnlyForDeploymentPostprocessing = 0;
		};
		EF1BD2802E37EE4500D7C976 /* Resources */ = {
			isa = PBXResourcesBuildPhase;
			buildActionMask = 2147483647;
			files = (
			);
			runOnlyForDeploymentPostprocessing = 0;
		};
		EF1BD28A2E37EE4500D7C976 /* Resources */ = {
			isa = PBXResourcesBuildPhase;
			buildActionMask = 2147483647;
			files = (
			);
			runOnlyForDeploymentPostprocessing = 0;
		};
/* End PBXResourcesBuildPhase section */

/* Begin PBXSourcesBuildPhase section */
		EF1BD2702E37EE4400D7C976 /* Sources */ = {
			isa = PBXSourcesBuildPhase;
			buildActionMask = 2147483647;
			files = (
			);
			runOnlyForDeploymentPostprocessing = 0;
		};
		EF1BD27E2E37EE4500D7C976 /* Sources */ = {
			isa = PBXSourcesBuildPhase;
			buildActionMask = 2147483647;
			files = (
			);
			runOnlyForDeploymentPostprocessing = 0;
		};
		EF1BD2882E37EE4500D7C976 /* Sources */ = {
			isa = PBXSourcesBuildPhase;
			buildActionMask = 2147483647;
			files = (
			);
			runOnlyForDeploymentPostprocessing = 0;
		};
/* End PBXSourcesBuildPhase section */

/* Begin PBXTargetDependency section */
		EF1BD2842E37EE4500D7C976 /* PBXTargetDependency */ = {
			isa = PBXTargetDependency;
			target = EF1BD2732E37EE4400D7C976 /* Art-Inspector */;
			targetProxy = EF1BD2832E37EE4500D7C976 /* PBXContainerItemProxy */;
		};
		EF1BD28E2E37EE4500D7C976 /* PBXTargetDependency */ = {
			isa = PBXTargetDependency;
			target = EF1BD2732E37EE4400D7C976 /* Art-Inspector */;
			targetProxy = EF1BD28D2E37EE4500D7C976 /* PBXContainerItemProxy */;
		};
/* End PBXTargetDependency section */

/* Begin XCBuildConfiguration section */
		EF1BD2942E37EE4500D7C976 /* Debug */ = {
			isa = XCBuildConfiguration;
			buildSettings = {
				ALWAYS_SEARCH_USER_PATHS = NO;
				ASSETCATALOG_COMPILER_GENERATE_SWIFT_ASSET_SYMBOL_EXTENSIONS = YES;
				CLANG_ANALYZER_NONNULL = YES;
				CLANG_ANALYZER_NUMBER_OBJECT_CONVERSION = YES_AGGRESSIVE;
				CLANG_CXX_LANGUAGE_STANDARD = "gnu++20";
				CLANG_ENABLE_MODULES = YES;
				CLANG_ENABLE_OBJC_ARC = YES;
				CLANG_ENABLE_OBJC_WEAK = YES;
				CLANG_WARN_BLOCK_CAPTURE_AUTORELEASING = YES;
				CLANG_WARN_BOOL_CONVERSION = YES;
				CLANG_WARN_COMMA = YES;
				CLANG_WARN_CONSTANT_CONVERSION = YES;
				CLANG_WARN_DEPRECATED_OBJC_IMPLEMENTATIONS = YES;
				CLANG_WARN_DIRECT_OBJC_ISA_USAGE = YES_ERROR;
				CLANG_WARN_DOCUMENTATION_COMMENTS = YES;
				CLANG_WARN_EMPTY_BODY = YES;
				CLANG_WARN_ENUM_CONVERSION = YES;
				CLANG_WARN_INFINITE_RECURSION = YES;
				CLANG_WARN_INT_CONVERSION = YES;
				CLANG_WARN_NON_LITERAL_NULL_CONVERSION = YES;
				CLANG_WARN_OBJC_IMPLICIT_RETAIN_SELF = YES;
				CLANG_WARN_OBJC_LITERAL_CONVERSION = YES;
				CLANG_WARN_OBJC_ROOT_CLASS = YES_ERROR;
				CLANG_WARN_QUOTED_INCLUDE_IN_FRAMEWORK_HEADER = YES;
				CLANG_WARN_RANGE_LOOP_ANALYSIS = YES;
				CLANG_WARN_STRICT_PROTOTYPES = YES;
				CLANG_WARN_SUSPICIOUS_MOVE = YES;
				CLANG_WARN_UNGUARDED_AVAILABILITY = YES_AGGRESSIVE;
				CLANG_WARN_UNREACHABLE_CODE = YES;
				CLANG_WARN__DUPLICATE_METHOD_MATCH = YES;
				COPY_PHASE_STRIP = NO;
				DEBUG_INFORMATION_FORMAT = dwarf;
				DEVELOPMENT_TEAM = 76WAGPSSRD;
				ENABLE_STRICT_OBJC_MSGSEND = YES;
				ENABLE_TESTABILITY = YES;
				ENABLE_USER_SCRIPT_SANDBOXING = YES;
				GCC_C_LANGUAGE_STANDARD = gnu17;
				GCC_DYNAMIC_NO_PIC = NO;
				GCC_NO_COMMON_BLOCKS = YES;
				GCC_OPTIMIZATION_LEVEL = 0;
				GCC_PREPROCESSOR_DEFINITIONS = (
					"DEBUG=1",
					"$(inherited)",
				);
				GCC_WARN_64_TO_32_BIT_CONVERSION = YES;
				GCC_WARN_ABOUT_RETURN_TYPE = YES_ERROR;
				GCC_WARN_UNDECLARED_SELECTOR = YES;
				GCC_WARN_UNINITIALIZED_AUTOS = YES_AGGRESSIVE;
				GCC_WARN_UNUSED_FUNCTION = YES;
				GCC_WARN_UNUSED_VARIABLE = YES;
				LOCALIZATION_PREFERS_STRING_CATALOGS = YES;
				MACOSX_DEPLOYMENT_TARGET = 15.5;
				MTL_ENABLE_DEBUG_INFO = INCLUDE_SOURCE;
				MTL_FAST_MATH = YES;
				ONLY_ACTIVE_ARCH = YES;
				SDKROOT = macosx;
				SWIFT_ACTIVE_COMPILATION_CONDITIONS = "DEBUG $(inherited)";
				SWIFT_OPTIMIZATION_LEVEL = "-Onone";
			};
			name = Debug;
		};
		EF1BD2952E37EE4500D7C976 /* Release */ = {
			isa = XCBuildConfiguration;
			buildSettings = {
				ALWAYS_SEARCH_USER_PATHS = NO;
				ASSETCATALOG_COMPILER_GENERATE_SWIFT_ASSET_SYMBOL_EXTENSIONS = YES;
				CLANG_ANALYZER_NONNULL = YES;
				CLANG_ANALYZER_NUMBER_OBJECT_CONVERSION = YES_AGGRESSIVE;
				CLANG_CXX_LANGUAGE_STANDARD = "gnu++20";
				CLANG_ENABLE_MODULES = YES;
				CLANG_ENABLE_OBJC_ARC = YES;
				CLANG_ENABLE_OBJC_WEAK = YES;
				CLANG_WARN_BLOCK_CAPTURE_AUTORELEASING = YES;
				CLANG_WARN_BOOL_CONVERSION = YES;
				CLANG_WARN_COMMA = YES;
				CLANG_WARN_CONSTANT_CONVERSION = YES;
				CLANG_WARN_DEPRECATED_OBJC_IMPLEMENTATIONS = YES;
				CLANG_WARN_DIRECT_OBJC_ISA_USAGE = YES_ERROR;
				CLANG_WARN_DOCUMENTATION_COMMENTS = YES;
				CLANG_WARN_EMPTY_BODY = YES;
				CLANG_WARN_ENUM_CONVERSION = YES;
				CLANG_WARN_INFINITE_RECURSION = YES;
				CLANG_WARN_INT_CONVERSION = YES;
				CLANG_WARN_NON_LITERAL_NULL_CONVERSION = YES;
				CLANG_WARN_OBJC_IMPLICIT_RETAIN_SELF = YES;
				CLANG_WARN_OBJC_LITERAL_CONVERSION = YES;
				CLANG_WARN_OBJC_ROOT_CLASS = YES_ERROR;
				CLANG_WARN_QUOTED_INCLUDE_IN_FRAMEWORK_HEADER = YES;
				CLANG_WARN_RANGE_LOOP_ANALYSIS = YES;
				CLANG_WARN_STRICT_PROTOTYPES = YES;
				CLANG_WARN_SUSPICIOUS_MOVE = YES;
				CLANG_WARN_UNGUARDED_AVAILABILITY = YES_AGGRESSIVE;
				CLANG_WARN_UNREACHABLE_CODE = YES;
				CLANG_WARN__DUPLICATE_METHOD_MATCH = YES;
				COPY_PHASE_STRIP = NO;
				DEBUG_INFORMATION_FORMAT = "dwarf-with-dsym";
				DEVELOPMENT_TEAM = 76WAGPSSRD;
				ENABLE_NS_ASSERTIONS = NO;
				ENABLE_STRICT_OBJC_MSGSEND = YES;
				ENABLE_USER_SCRIPT_SANDBOXING = YES;
				GCC_C_LANGUAGE_STANDARD = gnu17;
				GCC_NO_COMMON_BLOCKS = YES;
				GCC_WARN_64_TO_32_BIT_CONVERSION = YES;
				GCC_WARN_ABOUT_RETURN_TYPE = YES_ERROR;
				GCC_WARN_UNDECLARED_SELECTOR = YES;
				GCC_WARN_UNINITIALIZED_AUTOS = YES_AGGRESSIVE;
				GCC_WARN_UNUSED_FUNCTION = YES;
				GCC_WARN_UNUSED_VARIABLE = YES;
				LOCALIZATION_PREFERS_STRING_CATALOGS = YES;
				MACOSX_DEPLOYMENT_TARGET = 15.5;
				MTL_ENABLE_DEBUG_INFO = NO;
				MTL_FAST_MATH = YES;
				SDKROOT = macosx;
				SWIFT_COMPILATION_MODE = wholemodule;
			};
			name = Release;
		};
		EF1BD2972E37EE4500D7C976 /* Debug */ = {
			isa = XCBuildConfiguration;
			buildSettings = {
				ASSETCATALOG_COMPILER_APPICON_NAME = AppIcon;
				ASSETCATALOG_COMPILER_GLOBAL_ACCENT_COLOR_NAME = AccentColor;
				CODE_SIGN_ENTITLEMENTS = "Art-Inspector/Art_Inspector.entitlements";
				CODE_SIGN_STYLE = Automatic;
				COMBINE_HIDPI_IMAGES = YES;
				CURRENT_PROJECT_VERSION = 1;
				DEVELOPMENT_TEAM = 76WAGPSSRD;
				ENABLE_HARDENED_RUNTIME = YES;
				ENABLE_PREVIEWS = YES;
				GENERATE_INFOPLIST_FILE = YES;
				INFOPLIST_KEY_CFBundleDisplayName = "Art Inspector";
				INFOPLIST_KEY_NSHumanReadableCopyright = "";
				LD_RUNPATH_SEARCH_PATHS = (
					"$(inherited)",
					"@executable_path/../Frameworks",
				);
				MARKETING_VERSION = 1.0;
				PRODUCT_BUNDLE_IDENTIFIER = "com.swapna.Art-Inspector";
				PRODUCT_NAME = "$(TARGET_NAME)";
				REGISTER_APP_GROUPS = YES;
				SWIFT_EMIT_LOC_STRINGS = YES;
				SWIFT_VERSION = 5.0;
			};
			name = Debug;
		};
		EF1BD2982E37EE4500D7C976 /* Release */ = {
			isa = XCBuildConfiguration;
			buildSettings = {
				ASSETCATALOG_COMPILER_APPICON_NAME = AppIcon;
				ASSETCATALOG_COMPILER_GLOBAL_ACCENT_COLOR_NAME = AccentColor;
				CODE_SIGN_ENTITLEMENTS = "Art-Inspector/Art_Inspector.entitlements";
				CODE_SIGN_STYLE = Automatic;
				COMBINE_HIDPI_IMAGES = YES;
				CURRENT_PROJECT_VERSION = 1;
				DEVELOPMENT_TEAM = 76WAGPSSRD;
				ENABLE_HARDENED_RUNTIME = YES;
				ENABLE_PREVIEWS = YES;
				GENERATE_INFOPLIST_FILE = YES;
				INFOPLIST_KEY_CFBundleDisplayName = "Art Inspector";
				INFOPLIST_KEY_NSHumanReadableCopyright = "";
				LD_RUNPATH_SEARCH_PATHS = (
					"$(inherited)",
					"@executable_path/../Frameworks",
				);
				MARKETING_VERSION = 1.0;
				PRODUCT_BUNDLE_IDENTIFIER = "com.swapna.Art-Inspector";
				PRODUCT_NAME = "$(TARGET_NAME)";
				REGISTER_APP_GROUPS = YES;
				SWIFT_EMIT_LOC_STRINGS = YES;
				SWIFT_VERSION = 5.0;
			};
			name = Release;
		};
		EF1BD29A2E37EE4500D7C976 /* Debug */ = {
			isa = XCBuildConfiguration;
			buildSettings = {
				BUNDLE_LOADER = "$(TEST_HOST)";
				CODE_SIGN_STYLE = Automatic;
				CURRENT_PROJECT_VERSION = 1;
				DEVELOPMENT_TEAM = 76WAGPSSRD;
				GENERATE_INFOPLIST_FILE = YES;
				MACOSX_DEPLOYMENT_TARGET = 15.5;
				MARKETING_VERSION = 1.0;
				PRODUCT_BUNDLE_IDENTIFIER = "com.swapna.Art-InspectorTests";
				PRODUCT_NAME = "$(TARGET_NAME)";
				SWIFT_EMIT_LOC_STRINGS = NO;
				SWIFT_VERSION = 5.0;
				TEST_HOST = "$(BUILT_PRODUCTS_DIR)/Art-Inspector.app/$(BUNDLE_EXECUTABLE_FOLDER_PATH)/Art-Inspector";
			};
			name = Debug;
		};
		EF1BD29B2E37EE4500D7C976 /* Release */ = {
			isa = XCBuildConfiguration;
			buildSettings = {
				BUNDLE_LOADER = "$(TEST_HOST)";
				CODE_SIGN_STYLE = Automatic;
				CURRENT_PROJECT_VERSION = 1;
				DEVELOPMENT_TEAM = 76WAGPSSRD;
				GENERATE_INFOPLIST_FILE = YES;
				MACOSX_DEPLOYMENT_TARGET = 15.5;
				MARKETING_VERSION = 1.0;
				PRODUCT_BUNDLE_IDENTIFIER = "com.swapna.Art-InspectorTests";
				PRODUCT_NAME = "$(TARGET_NAME)";
				SWIFT_EMIT_LOC_STRINGS = NO;
				SWIFT_VERSION = 5.0;
				TEST_HOST = "$(BUILT_PRODUCTS_DIR)/Art-Inspector.app/$(BUNDLE_EXECUTABLE_FOLDER_PATH)/Art-Inspector";
			};
			name = Release;
		};
		EF1BD29D2E37EE4500D7C976 /* Debug */ = {
			isa = XCBuildConfiguration;
			buildSettings = {
				CODE_SIGN_STYLE = Automatic;
				CURRENT_PROJECT_VERSION = 1;
				DEVELOPMENT_TEAM = 76WAGPSSRD;
				GENERATE_INFOPLIST_FILE = YES;
				MARKETING_VERSION = 1.0;
				PRODUCT_BUNDLE_IDENTIFIER = "com.swapna.Art-InspectorUITests";
				PRODUCT_NAME = "$(TARGET_NAME)";
				SWIFT_EMIT_LOC_STRINGS = NO;
				SWIFT_VERSION = 5.0;
				TEST_TARGET_NAME = "Art-Inspector";
			};
			name = Debug;
		};
		EF1BD29E2E37EE4500D7C976 /* Release */ = {
			isa = XCBuildConfiguration;
			buildSettings = {
				CODE_SIGN_STYLE = Automatic;
				CURRENT_PROJECT_VERSION = 1;
				DEVELOPMENT_TEAM = 76WAGPSSRD;
				GENERATE_INFOPLIST_FILE = YES;
				MARKETING_VERSION = 1.0;
				PRODUCT_BUNDLE_IDENTIFIER = "com.swapna.Art-InspectorUITests";
				PRODUCT_NAME = "$(TARGET_NAME)";
				SWIFT_EMIT_LOC_STRINGS = NO;
				SWIFT_VERSION = 5.0;
				TEST_TARGET_NAME = "Art-Inspector";
			};
			name = Release;
		};
/* End XCBuildConfiguration section */

/* Begin XCConfigurationList section */
		EF1BD26F2E37EE4400D7C976 /* Build configuration list for PBXProject "Art-Inspector" */ = {
			isa = XCConfigurationList;
			buildConfigurations = (
				EF1BD2942E37EE4500D7C976 /* Debug */,
				EF1BD2952E37EE4500D7C976 /* Release */,
			);
			defaultConfigurationIsVisible = 0;
			defaultConfigurationName = Release;
		};
		EF1BD2962E37EE4500D7C976 /* Build configuration list for PBXNativeTarget "Art-Inspector" */ = {
			isa = XCConfigurationList;
			buildConfigurations = (
				EF1BD2972E37EE4500D7C976 /* Debug */,
				EF1BD2982E37EE4500D7C976 /* Release */,
			);
			defaultConfigurationIsVisible = 0;
			defaultConfigurationName = Release;
		};
		EF1BD2992E37EE4500D7C976 /* Build configuration list for PBXNativeTarget "Art-InspectorTests" */ = {
			isa = XCConfigurationList;
			buildConfigurations = (
				EF1BD29A2E37EE4500D7C976 /* Debug */,
				EF1BD29B2E37EE4500D7C976 /* Release */,
			);
			defaultConfigurationIsVisible = 0;
			defaultConfigurationName = Release;
		};
		EF1BD29C2E37EE4500D7C976 /* Build configuration list for PBXNativeTarget "Art-InspectorUITests" */ = {
			isa = XCConfigurationList;
			buildConfigurations = (
				EF1BD29D2E37EE4500D7C976 /* Debug */,
				EF1BD29E2E37EE4500D7C976 /* Release */,
			);
			defaultConfigurationIsVisible = 0;
			defaultConfigurationName = Release;
		};
/* End XCConfigurationList section */
	};
	rootObject = EF1BD26C2E37EE4400D7C976 /* Project object */;
}
